
Microsoft Visual Studio Solution File, Format Version 12.00
# Visual Studio 15
VisualStudioVersion = 15.0.27703.2000
MinimumVisualStudioVersion = 10.0.40219.1
Project("{FAE04EC0-301F-11D3-BF4B-00C04F79EFBC}") = "DBS.MeusLinks", "DBS.MeusLinks\DBS.MeusLinks.csproj", "{0FC5CF65-8F84-4A34-94FE-B342EE6F1E4B}"
EndProject
Global
	GlobalSection(SolutionConfigurationPlatforms) = preSolution
		Debug|Any CPU = Debug|Any CPU
		Release|Any CPU = Release|Any CPU
	EndGlobalSection
	GlobalSection(ProjectConfigurationPlatforms) = postSolution
		{0FC5CF65-8F84-4A34-94FE-B342EE6F1E4B}.Debug|Any CPU.ActiveCfg = Debug|Any CPU
		{0FC5CF65-8F84-4A34-94FE-B342EE6F1E4B}.Debug|Any CPU.Build.0 = Debug|Any CPU
		{0FC5CF65-8F84-4A34-94FE-B342EE6F1E4B}.Debug|Any CPU.Deploy.0 = Debug|Any CPU
		{0FC5CF65-8F84-4A34-94FE-B342EE6F1E4B}.Release|Any CPU.ActiveCfg = Release|Any CPU
		{0FC5CF65-8F84-4A34-94FE-B342EE6F1E4B}.Release|Any CPU.Build.0 = Release|Any CPU
		{0FC5CF65-8F84-4A34-94FE-B342EE6F1E4B}.Release|Any CPU.Deploy.0 = Release|Any CPU
	EndGlobalSection
	GlobalSection(SolutionProperties) = preSolution
		HideSolutionNode = FALSE
	EndGlobalSection
	GlobalSection(ExtensibilityGlobals) = postSolution
		SolutionGuid = {E3139AC8-4AF5-49CC-B415-75BB0F39A239}
	EndGlobalSection
EndGlobal
